// !$*UTF8*$!
{
	archiveVersion = 1;
	classes = {
	};
	objectVersion = 48;
	objects = {

/* Begin PBXBuildFile section */
		EE67584A20E204BB0040FF92 /* AppDelegate.m in Sources */ = {isa = PBXBuildFile; fileRef = EE67584920E204BB0040FF92 /* AppDelegate.m */; };
		EE67584D20E204BB0040FF92 /* ViewController.m in Sources */ = {isa = PBXBuildFile; fileRef = EE67584C20E204BB0040FF92 /* ViewController.m */; };
		EE67585020E204BB0040FF92 /* Main.storyboard in Resources */ = {isa = PBXBuildFile; fileRef = EE67584E20E204BB0040FF92 /* Main.storyboard */; };
		EE67585220E204BB0040FF92 /* Assets.xcassets in Resources */ = {isa = PBXBuildFile; fileRef = EE67585120E204BB0040FF92 /* Assets.xcassets */; };
		EE67585520E204BB0040FF92 /* LaunchScreen.storyboard in Resources */ = {isa = PBXBuildFile; fileRef = EE67585320E204BB0040FF92 /* LaunchScreen.storyboard */; };
		EE67585820E204BB0040FF92 /* main.m in Sources */ = {isa = PBXBuildFile; fileRef = EE67585720E204BB0040FF92 /* main.m */; };
		EE67586220E204BB0040FF92 /* HZAlertSheetTests.m in Sources */ = {isa = PBXBuildFile; fileRef = EE67586120E204BB0040FF92 /* HZAlertSheetTests.m */; };
		EE67586D20E204BB0040FF92 /* HZAlertSheetUITests.m in Sources */ = {isa = PBXBuildFile; fileRef = EE67586C20E204BB0040FF92 /* HZAlertSheetUITests.m */; };
		EE67587C20E204CE0040FF92 /* HZAlertSheet.m in Sources */ = {isa = PBXBuildFile; fileRef = EE67587A20E204CE0040FF92 /* HZAlertSheet.m */; };
/* End PBXBuildFile section */

/* Begin PBXContainerItemProxy section */
		EE67585E20E204BB0040FF92 /* PBXContainerItemProxy */ = {
			isa = PBXContainerItemProxy;
			containerPortal = EE67583D20E204BB0040FF92 /* Project object */;
			proxyType = 1;
			remoteGlobalIDString = EE67584420E204BB0040FF92;
			remoteInfo = HZAlertSheet;
		};
		EE67586920E204BB0040FF92 /* PBXContainerItemProxy */ = {
			isa = PBXContainerItemProxy;
			containerPortal = EE67583D20E204BB0040FF92 /* Project object */;
			proxyType = 1;
			remoteGlobalIDString = EE67584420E204BB0040FF92;
			remoteInfo = HZAlertSheet;
		};
/* End PBXContainerItemProxy section */

/* Begin PBXFileReference section */
		EE67584520E204BB0040FF92 /* HZAlertSheet.app */ = {isa = PBXFileReference; explicitFileType = wrapper.application; includeInIndex = 0; path = HZAlertSheet.app; sourceTree = BUILT_PRODUCTS_DIR; };
		EE67584820E204BB0040FF92 /* AppDelegate.h */ = {isa = PBXFileReference; lastKnownFileType = sourcecode.c.h; path = AppDelegate.h; sourceTree = "<group>"; };
		EE67584920E204BB0040FF92 /* AppDelegate.m */ = {isa = PBXFileReference; lastKnownFileType = sourcecode.c.objc; path = AppDelegate.m; sourceTree = "<group>"; };
		EE67584B20E204BB0040FF92 /* ViewController.h */ = {isa = PBXFileReference; lastKnownFileType = sourcecode.c.h; path = ViewController.h; sourceTree = "<group>"; };
		EE67584C20E204BB0040FF92 /* ViewController.m */ = {isa = PBXFileReference; lastKnownFileType = sourcecode.c.objc; path = ViewController.m; sourceTree = "<group>"; };
		EE67584F20E204BB0040FF92 /* Base */ = {isa = PBXFileReference; lastKnownFileType = file.storyboard; name = Base; path = Base.lproj/Main.storyboard; sourceTree = "<group>"; };
		EE67585120E204BB0040FF92 /* Assets.xcassets */ = {isa = PBXFileReference; lastKnownFileType = folder.assetcatalog; path = Assets.xcassets; sourceTree = "<group>"; };
		EE67585420E204BB0040FF92 /* Base */ = {isa = PBXFileReference; lastKnownFileType = file.storyboard; name = Base; path = Base.lproj/LaunchScreen.storyboard; sourceTree = "<group>"; };
		EE67585620E204BB0040FF92 /* Info.plist */ = {isa = PBXFileReference; lastKnownFileType = text.plist.xml; path = Info.plist; sourceTree = "<group>"; };
		EE67585720E204BB0040FF92 /* main.m */ = {isa = PBXFileReference; lastKnownFileType = sourcecode.c.objc; path = main.m; sourceTree = "<group>"; };
		EE67585D20E204BB0040FF92 /* HZAlertSheetTests.xctest */ = {isa = PBXFileReference; explicitFileType = wrapper.cfbundle; includeInIndex = 0; path = HZAlertSheetTests.xctest; sourceTree = BUILT_PRODUCTS_DIR; };
		EE67586120E204BB0040FF92 /* HZAlertSheetTests.m */ = {isa = PBXFileReference; lastKnownFileType = sourcecode.c.objc; path = HZAlertSheetTests.m; sourceTree = "<group>"; };
		EE67586320E204BB0040FF92 /* Info.plist */ = {isa = PBXFileReference; lastKnownFileType = text.plist.xml; path = Info.plist; sourceTree = "<group>"; };
		EE67586820E204BB0040FF92 /* HZAlertSheetUITests.xctest */ = {isa = PBXFileReference; explicitFileType = wrapper.cfbundle; includeInIndex = 0; path = HZAlertSheetUITests.xctest; sourceTree = BUILT_PRODUCTS_DIR; };
		EE67586C20E204BB0040FF92 /* HZAlertSheetUITests.m */ = {isa = PBXFileReference; lastKnownFileType = sourcecode.c.objc; path = HZAlertSheetUITests.m; sourceTree = "<group>"; };
		EE67586E20E204BB0040FF92 /* Info.plist */ = {isa = PBXFileReference; lastKnownFileType = text.plist.xml; path = Info.plist; sourceTree = "<group>"; };
		EE67587A20E204CE0040FF92 /* HZAlertSheet.m */ = {isa = PBXFileReference; fileEncoding = 4; lastKnownFileType = sourcecode.c.objc; path = HZAlertSheet.m; sourceTree = "<group>"; };
		EE67587B20E204CE0040FF92 /* HZAlertSheet.h */ = {isa = PBXFileReference; fileEncoding = 4; lastKnownFileType = sourcecode.c.h; path = HZAlertSheet.h; sourceTree = "<group>"; };
/* End PBXFileReference section */

/* Begin PBXFrameworksBuildPhase section */
		EE67584220E204BB0040FF92 /* Frameworks */ = {
			isa = PBXFrameworksBuildPhase;
			buildActionMask = 2147483647;
			files = (
			);
			runOnlyForDeploymentPostprocessing = 0;
		};
		EE67585A20E204BB0040FF92 /* Frameworks */ = {
			isa = PBXFrameworksBuildPhase;
			buildActionMask = 2147483647;
			files = (
			);
			runOnlyForDeploymentPostprocessing = 0;
		};
		EE67586520E204BB0040FF92 /* Frameworks */ = {
			isa = PBXFrameworksBuildPhase;
			buildActionMask = 2147483647;
			files = (
			);
			runOnlyForDeploymentPostprocessing = 0;
		};
/* End PBXFrameworksBuildPhase section */

/* Begin PBXGroup section */
		EE67583C20E204BB0040FF92 = {
			isa = PBXGroup;
			children = (
				EE67584720E204BB0040FF92 /* HZAlertSheet */,
				EE67586020E204BB0040FF92 /* HZAlertSheetTests */,
				EE67586B20E204BB0040FF92 /* HZAlertSheetUITests */,
				EE67584620E204BB0040FF92 /* Products */,
			);
			sourceTree = "<group>";
		};
		EE67584620E204BB0040FF92 /* Products */ = {
			isa = PBXGroup;
			children = (
				EE67584520E204BB0040FF92 /* HZAlertSheet.app */,
				EE67585D20E204BB0040FF92 /* HZAlertSheetTests.xctest */,
				EE67586820E204BB0040FF92 /* HZAlertSheetUITests.xctest */,
			);
			name = Products;
			sourceTree = "<group>";
		};
		EE67584720E204BB0040FF92 /* HZAlertSheet */ = {
			isa = PBXGroup;
			children = (
				EE67587B20E204CE0040FF92 /* HZAlertSheet.h */,
				EE67587A20E204CE0040FF92 /* HZAlertSheet.m */,
				EE67584820E204BB0040FF92 /* AppDelegate.h */,
				EE67584920E204BB0040FF92 /* AppDelegate.m */,
				EE67584B20E204BB0040FF92 /* ViewController.h */,
				EE67584C20E204BB0040FF92 /* ViewController.m */,
				EE67584E20E204BB0040FF92 /* Main.storyboard */,
				EE67585120E204BB0040FF92 /* Assets.xcassets */,
				EE67585320E204BB0040FF92 /* LaunchScreen.storyboard */,
				EE67585620E204BB0040FF92 /* Info.plist */,
				EE67585720E204BB0040FF92 /* main.m */,
			);
			path = HZAlertSheet;
			sourceTree = "<group>";
		};
		EE67586020E204BB0040FF92 /* HZAlertSheetTests */ = {
			isa = PBXGroup;
			children = (
				EE67586120E204BB0040FF92 /* HZAlertSheetTests.m */,
				EE67586320E204BB0040FF92 /* Info.plist */,
			);
			path = HZAlertSheetTests;
			sourceTree = "<group>";
		};
		EE67586B20E204BB0040FF92 /* HZAlertSheetUITests */ = {
			isa = PBXGroup;
			children = (
				EE67586C20E204BB0040FF92 /* HZAlertSheetUITests.m */,
				EE67586E20E204BB0040FF92 /* Info.plist */,
			);
			path = HZAlertSheetUITests;
			sourceTree = "<group>";
		};
/* End PBXGroup section */

/* Begin PBXNativeTarget section */
		EE67584420E204BB0040FF92 /* HZAlertSheet */ = {
			isa = PBXNativeTarget;
			buildConfigurationList = EE67587120E204BB0040FF92 /* Build configuration list for PBXNativeTarget "HZAlertSheet" */;
			buildPhases = (
				EE67584120E204BB0040FF92 /* Sources */,
				EE67584220E204BB0040FF92 /* Frameworks */,
				EE67584320E204BB0040FF92 /* Resources */,
			);
			buildRules = (
			);
			dependencies = (
			);
			name = HZAlertSheet;
			productName = HZAlertSheet;
			productReference = EE67584520E204BB0040FF92 /* HZAlertSheet.app */;
			productType = "com.apple.product-type.application";
		};
		EE67585C20E204BB0040FF92 /* HZAlertSheetTests */ = {
			isa = PBXNativeTarget;
			buildConfigurationList = EE67587420E204BB0040FF92 /* Build configuration list for PBXNativeTarget "HZAlertSheetTests" */;
			buildPhases = (
				EE67585920E204BB0040FF92 /* Sources */,
				EE67585A20E204BB0040FF92 /* Frameworks */,
				EE67585B20E204BB0040FF92 /* Resources */,
			);
			buildRules = (
			);
			dependencies = (
				EE67585F20E204BB0040FF92 /* PBXTargetDependency */,
			);
			name = HZAlertSheetTests;
			productName = HZAlertSheetTests;
			productReference = EE67585D20E204BB0040FF92 /* HZAlertSheetTests.xctest */;
			productType = "com.apple.product-type.bundle.unit-test";
		};
		EE67586720E204BB0040FF92 /* HZAlertSheetUITests */ = {
			isa = PBXNativeTarget;
			buildConfigurationList = EE67587720E204BB0040FF92 /* Build configuration list for PBXNativeTarget "HZAlertSheetUITests" */;
			buildPhases = (
				EE67586420E204BB0040FF92 /* Sources */,
				EE67586520E204BB0040FF92 /* Frameworks */,
				EE67586620E204BB0040FF92 /* Resources */,
			);
			buildRules = (
			);
			dependencies = (
				EE67586A20E204BB0040FF92 /* PBXTargetDependency */,
			);
			name = HZAlertSheetUITests;
			productName = HZAlertSheetUITests;
			productReference = EE67586820E204BB0040FF92 /* HZAlertSheetUITests.xctest */;
			productType = "com.apple.product-type.bundle.ui-testing";
		};
/* End PBXNativeTarget section */

/* Begin PBXProject section */
		EE67583D20E204BB0040FF92 /* Project object */ = {
			isa = PBXProject;
			attributes = {
				LastUpgradeCheck = 0910;
				ORGANIZATIONNAME = huangzhenyu;
				TargetAttributes = {
					EE67584420E204BB0040FF92 = {
						CreatedOnToolsVersion = 9.1;
						ProvisioningStyle = Automatic;
					};
					EE67585C20E204BB0040FF92 = {
						CreatedOnToolsVersion = 9.1;
						ProvisioningStyle = Automatic;
						TestTargetID = EE67584420E204BB0040FF92;
					};
					EE67586720E204BB0040FF92 = {
						CreatedOnToolsVersion = 9.1;
						ProvisioningStyle = Automatic;
						TestTargetID = EE67584420E204BB0040FF92;
					};
				};
			};
			buildConfigurationList = EE67584020E204BB0040FF92 /* Build configuration list for PBXProject "HZAlertSheet" */;
			compatibilityVersion = "Xcode 8.0";
			developmentRegion = en;
			hasScannedForEncodings = 0;
			knownRegions = (
				en,
				Base,
			);
			mainGroup = EE67583C20E204BB0040FF92;
			productRefGroup = EE67584620E204BB0040FF92 /* Products */;
			projectDirPath = "";
			projectRoot = "";
			targets = (
				EE67584420E204BB0040FF92 /* HZAlertSheet */,
				EE67585C20E204BB0040FF92 /* HZAlertSheetTests */,
				EE67586720E204BB0040FF92 /* HZAlertSheetUITests */,
			);
		};
/* End PBXProject section */

/* Begin PBXResourcesBuildPhase section */
		EE67584320E204BB0040FF92 /* Resources */ = {
			isa = PBXResourcesBuildPhase;
			buildActionMask = 2147483647;
			files = (
				EE67585520E204BB0040FF92 /* LaunchScreen.storyboard in Resources */,
				EE67585220E204BB0040FF92 /* Assets.xcassets in Resources */,
				EE67585020E204BB0040FF92 /* Main.storyboard in Resources */,
			);
			runOnlyForDeploymentPostprocessing = 0;
		};
		EE67585B20E204BB0040FF92 /* Resources */ = {
			isa = PBXResourcesBuildPhase;
			buildActionMask = 2147483647;
			files = (
			);
			runOnlyForDeploymentPostprocessing = 0;
		};
		EE67586620E204BB0040FF92 /* Resources */ = {
			isa = PBXResourcesBuildPhase;
			buildActionMask = 2147483647;
			files = (
			);
			runOnlyForDeploymentPostprocessing = 0;
		};
/* End PBXResourcesBuildPhase section */

/* Begin PBXSourcesBuildPhase section */
		EE67584120E204BB0040FF92 /* Sources */ = {
			isa = PBXSourcesBuildPhase;
			buildActionMask = 2147483647;
			files = (
				EE67587C20E204CE0040FF92 /* HZAlertSheet.m in Sources */,
				EE67584D20E204BB0040FF92 /* ViewController.m in Sources */,
				EE67585820E204BB0040FF92 /* main.m in Sources */,
				EE67584A20E204BB0040FF92 /* AppDelegate.m in Sources */,
			);
			runOnlyForDeploymentPostprocessing = 0;
		};
		EE67585920E204BB0040FF92 /* Sources */ = {
			isa = PBXSourcesBuildPhase;
			buildActionMask = 2147483647;
			files = (
				EE67586220E204BB0040FF92 /* HZAlertSheetTests.m in Sources */,
			);
			runOnlyForDeploymentPostprocessing = 0;
		};
		EE67586420E204BB0040FF92 /* Sources */ = {
			isa = PBXSourcesBuildPhase;
			buildActionMask = 2147483647;
			files = (
				EE67586D20E204BB0040FF92 /* HZAlertSheetUITests.m in Sources */,
			);
			runOnlyForDeploymentPostprocessing = 0;
		};
/* End PBXSourcesBuildPhase section */

/* Begin PBXTargetDependency section */
		EE67585F20E204BB0040FF92 /* PBXTargetDependency */ = {
			isa = PBXTargetDependency;
			target = EE67584420E204BB0040FF92 /* HZAlertSheet */;
			targetProxy = EE67585E20E204BB0040FF92 /* PBXContainerItemProxy */;
		};
		EE67586A20E204BB0040FF92 /* PBXTargetDependency */ = {
			isa = PBXTargetDependency;
			target = EE67584420E204BB0040FF92 /* HZAlertSheet */;
			targetProxy = EE67586920E204BB0040FF92 /* PBXContainerItemProxy */;
		};
/* End PBXTargetDependency section */

/* Begin PBXVariantGroup section */
		EE67584E20E204BB0040FF92 /* Main.storyboard */ = {
			isa = PBXVariantGroup;
			children = (
				EE67584F20E204BB0040FF92 /* Base */,
			);
			name = Main.storyboard;
			sourceTree = "<group>";
		};
		EE67585320E204BB0040FF92 /* LaunchScreen.storyboard */ = {
			isa = PBXVariantGroup;
			children = (
				EE67585420E204BB0040FF92 /* Base */,
			);
			name = LaunchScreen.storyboard;
			sourceTree = "<group>";
		};
/* End PBXVariantGroup section */

/* Begin XCBuildConfiguration section */
		EE67586F20E204BB0040FF92 /* Debug */ = {
			isa = XCBuildConfiguration;
			buildSettings = {
				ALWAYS_SEARCH_USER_PATHS = NO;
				CLANG_ANALYZER_NONNULL = YES;
				CLANG_ANALYZER_NUMBER_OBJECT_CONVERSION = YES_AGGRESSIVE;
				CLANG_CXX_LANGUAGE_STANDARD = "gnu++14";
				CLANG_CXX_LIBRARY = "libc++";
				CLANG_ENABLE_MODULES = YES;
				CLANG_ENABLE_OBJC_ARC = YES;
				CLANG_WARN_BLOCK_CAPTURE_AUTORELEASING = YES;
				CLANG_WARN_BOOL_CONVERSION = YES;
				CLANG_WARN_COMMA = YES;
				CLANG_WARN_CONSTANT_CONVERSION = YES;
				CLANG_WARN_DIRECT_OBJC_ISA_USAGE = YES_ERROR;
				CLANG_WARN_DOCUMENTATION_COMMENTS = YES;
				CLANG_WARN_EMPTY_BODY = YES;
				CLANG_WARN_ENUM_CONVERSION = YES;
				CLANG_WARN_INFINITE_RECURSION = YES;
				CLANG_WARN_INT_CONVERSION = YES;
				CLANG_WARN_NON_LITERAL_NULL_CONVERSION = YES;
				CLANG_WARN_OBJC_LITERAL_CONVERSION = YES;
				CLANG_WARN_OBJC_ROOT_CLASS = YES_ERROR;
				CLANG_WARN_RANGE_LOOP_ANALYSIS = YES;
				CLANG_WARN_STRICT_PROTOTYPES = YES;
				CLANG_WARN_SUSPICIOUS_MOVE = YES;
				CLANG_WARN_UNGUARDED_AVAILABILITY = YES_AGGRESSIVE;
				CLANG_WARN_UNREACHABLE_CODE = YES;
				CLANG_WARN__DUPLICATE_METHOD_MATCH = YES;
				CODE_SIGN_IDENTITY = "iPhone Developer";
				COPY_PHASE_STRIP = NO;
				DEBUG_INFORMATION_FORMAT = dwarf;
				ENABLE_STRICT_OBJC_MSGSEND = YES;
				ENABLE_TESTABILITY = YES;
				GCC_C_LANGUAGE_STANDARD = gnu11;
				GCC_DYNAMIC_NO_PIC = NO;
				GCC_NO_COMMON_BLOCKS = YES;
				GCC_OPTIMIZATION_LEVEL = 0;
				GCC_PREPROCESSOR_DEFINITIONS = (
					"DEBUG=1",
					"$(inherited)",
				);
				GCC_WARN_64_TO_32_BIT_CONVERSION = YES;
				GCC_WARN_ABOUT_RETURN_TYPE = YES_ERROR;
				GCC_WARN_UNDECLARED_SELECTOR = YES;
				GCC_WARN_UNINITIALIZED_AUTOS = YES_AGGRESSIVE;
				GCC_WARN_UNUSED_FUNCTION = YES;
				GCC_WARN_UNUSED_VARIABLE = YES;
				IPHONEOS_DEPLOYMENT_TARGET = 11.1;
				MTL_ENABLE_DEBUG_INFO = YES;
				ONLY_ACTIVE_ARCH = YES;
				SDKROOT = iphoneos;
			};
			name = Debug;
		};
		EE67587020E204BB0040FF92 /* Release */ = {
			isa = XCBuildConfiguration;
			buildSettings = {
				ALWAYS_SEARCH_USER_PATHS = NO;
				CLANG_ANALYZER_NONNULL = YES;
				CLANG_ANALYZER_NUMBER_OBJECT_CONVERSION = YES_AGGRESSIVE;
				CLANG_CXX_LANGUAGE_STANDARD = "gnu++14";
				CLANG_CXX_LIBRARY = "libc++";
				CLANG_ENABLE_MODULES = YES;
				CLANG_ENABLE_OBJC_ARC = YES;
				CLANG_WARN_BLOCK_CAPTURE_AUTORELEASING = YES;
				CLANG_WARN_BOOL_CONVERSION = YES;
				CLANG_WARN_COMMA = YES;
				CLANG_WARN_CONSTANT_CONVERSION = YES;
				CLANG_WARN_DIRECT_OBJC_ISA_USAGE = YES_ERROR;
				CLANG_WARN_DOCUMENTATION_COMMENTS = YES;
				CLANG_WARN_EMPTY_BODY = YES;
				CLANG_WARN_ENUM_CONVERSION = YES;
				CLANG_WARN_INFINITE_RECURSION = YES;
				CLANG_WARN_INT_CONVERSION = YES;
				CLANG_WARN_NON_LITERAL_NULL_CONVERSION = YES;
				CLANG_WARN_OBJC_LITERAL_CONVERSION = YES;
				CLANG_WARN_OBJC_ROOT_CLASS = YES_ERROR;
				CLANG_WARN_RANGE_LOOP_ANALYSIS = YES;
				CLANG_WARN_STRICT_PROTOTYPES = YES;
				CLANG_WARN_SUSPICIOUS_MOVE = YES;
				CLANG_WARN_UNGUARDED_AVAILABILITY = YES_AGGRESSIVE;
				CLANG_WARN_UNREACHABLE_CODE = YES;
				CLANG_WARN__DUPLICATE_METHOD_MATCH = YES;
				CODE_SIGN_IDENTITY = "iPhone Developer";
				COPY_PHASE_STRIP = NO;
				DEBUG_INFORMATION_FORMAT = "dwarf-with-dsym";
				ENABLE_NS_ASSERTIONS = NO;
				ENABLE_STRICT_OBJC_MSGSEND = YES;
				GCC_C_LANGUAGE_STANDARD = gnu11;
				GCC_NO_COMMON_BLOCKS = YES;
				GCC_WARN_64_TO_32_BIT_CONVERSION = YES;
				GCC_WARN_ABOUT_RETURN_TYPE = YES_ERROR;
				GCC_WARN_UNDECLARED_SELECTOR = YES;
				GCC_WARN_UNINITIALIZED_AUTOS = YES_AGGRESSIVE;
				GCC_WARN_UNUSED_FUNCTION = YES;
				GCC_WARN_UNUSED_VARIABLE = YES;
				IPHONEOS_DEPLOYMENT_TARGET = 11.1;
				MTL_ENABLE_DEBUG_INFO = NO;
				SDKROOT = iphoneos;
				VALIDATE_PRODUCT = YES;
			};
			name = Release;
		};
		EE67587220E204BB0040FF92 /* Debug */ = {
			isa = XCBuildConfiguration;
			buildSettings = {
				ASSETCATALOG_COMPILER_APPICON_NAME = AppIcon;
				CODE_SIGN_STYLE = Automatic;
				DEVELOPMENT_TEAM = CU5KU23LFX;
				INFOPLIST_FILE = HZAlertSheet/Info.plist;
				IPHONEOS_DEPLOYMENT_TARGET = 10.0;
				LD_RUNPATH_SEARCH_PATHS = "$(inherited) @executable_path/Frameworks";
				PRODUCT_BUNDLE_IDENTIFIER = com.retech.HZAlertSheet;
				PRODUCT_NAME = "$(TARGET_NAME)";
				TARGETED_DEVICE_FAMILY = "1,2";
			};
			name = Debug;
		};
		EE67587320E204BB0040FF92 /* Release */ = {
			isa = XCBuildConfiguration;
			buildSettings = {
				ASSETCATALOG_COMPILER_APPICON_NAME = AppIcon;
				CODE_SIGN_STYLE = Automatic;
				DEVELOPMENT_TEAM = CU5KU23LFX;
				INFOPLIST_FILE = HZAlertSheet/Info.plist;
				IPHONEOS_DEPLOYMENT_TARGET = 10.0;
				LD_RUNPATH_SEARCH_PATHS = "$(inherited) @executable_path/Frameworks";
				PRODUCT_BUNDLE_IDENTIFIER = com.retech.HZAlertSheet;
				PRODUCT_NAME = "$(TARGET_NAME)";
				TARGETED_DEVICE_FAMILY = "1,2";
			};
			name = Release;
		};
		EE67587520E204BB0040FF92 /* Debug */ = {
			isa = XCBuildConfiguration;
			buildSettings = {
				BUNDLE_LOADER = "$(TEST_HOST)";
				CODE_SIGN_STYLE = Automatic;
				INFOPLIST_FILE = HZAlertSheetTests/Info.plist;
				LD_RUNPATH_SEARCH_PATHS = "$(inherited) @executable_path/Frameworks @loader_path/Frameworks";
				PRODUCT_BUNDLE_IDENTIFIER = com.retech.HZAlertSheetTests;
				PRODUCT_NAME = "$(TARGET_NAME)";
				TARGETED_DEVICE_FAMILY = "1,2";
				TEST_HOST = "$(BUILT_PRODUCTS_DIR)/HZAlertSheet.app/HZAlertSheet";
			};
			name = Debug;
		};
		EE67587620E204BB0040FF92 /* Release */ = {
			isa = XCBuildConfiguration;
			buildSettings = {
				BUNDLE_LOADER = "$(TEST_HOST)";
				CODE_SIGN_STYLE = Automatic;
				INFOPLIST_FILE = HZAlertSheetTests/Info.plist;
				LD_RUNPATH_SEARCH_PATHS = "$(inherited) @executable_path/Frameworks @loader_path/Frameworks";
				PRODUCT_BUNDLE_IDENTIFIER = com.retech.HZAlertSheetTests;
				PRODUCT_NAME = "$(TARGET_NAME)";
				TARGETED_DEVICE_FAMILY = "1,2";
				TEST_HOST = "$(BUILT_PRODUCTS_DIR)/HZAlertSheet.app/HZAlertSheet";
			};
			name = Release;
		};
		EE67587820E204BB0040FF92 /* Debug */ = {
			isa = XCBuildConfiguration;
			buildSettings = {
				CODE_SIGN_STYLE = Automatic;
				INFOPLIST_FILE = HZAlertSheetUITests/Info.plist;
				LD_RUNPATH_SEARCH_PATHS = "$(inherited) @executable_path/Frameworks @loader_path/Frameworks";
				PRODUCT_BUNDLE_IDENTIFIER = com.retech.HZAlertSheetUITests;
				PRODUCT_NAME = "$(TARGET_NAME)";
				TARGETED_DEVICE_FAMILY = "1,2";
				TEST_TARGET_NAME = HZAlertSheet;
			};
			name = Debug;
		};
		EE67587920E204BB0040FF92 /* Release */ = {
			isa = XCBuildConfiguration;
			buildSettings = {
				CODE_SIGN_STYLE = Automatic;
				INFOPLIST_FILE = HZAlertSheetUITests/Info.plist;
				LD_RUNPATH_SEARCH_PATHS = "$(inherited) @executable_path/Frameworks @loader_path/Frameworks";
				PRODUCT_BUNDLE_IDENTIFIER = com.retech.HZAlertSheetUITests;
				PRODUCT_NAME = "$(TARGET_NAME)";
				TARGETED_DEVICE_FAMILY = "1,2";
				TEST_TARGET_NAME = HZAlertSheet;
			};
			name = Release;
		};
/* End XCBuildConfiguration section */

/* Begin XCConfigurationList section */
		EE67584020E204BB0040FF92 /* Build configuration list for PBXProject "HZAlertSheet" */ = {
			isa = XCConfigurationList;
			buildConfigurations = (
				EE67586F20E204BB0040FF92 /* Debug */,
				EE67587020E204BB0040FF92 /* Release */,
			);
			defaultConfigurationIsVisible = 0;
			defaultConfigurationName = Release;
		};
		EE67587120E204BB0040FF92 /* Build configuration list for PBXNativeTarget "HZAlertSheet" */ = {
			isa = XCConfigurationList;
			buildConfigurations = (
				EE67587220E204BB0040FF92 /* Debug */,
				EE67587320E204BB0040FF92 /* Release */,
			);
			defaultConfigurationIsVisible = 0;
			defaultConfigurationName = Release;
		};
		EE67587420E204BB0040FF92 /* Build configuration list for PBXNativeTarget "HZAlertSheetTests" */ = {
			isa = XCConfigurationList;
			buildConfigurations = (
				EE67587520E204BB0040FF92 /* Debug */,
				EE67587620E204BB0040FF92 /* Release */,
			);
			defaultConfigurationIsVisible = 0;
			defaultConfigurationName = Release;
		};
		EE67587720E204BB0040FF92 /* Build configuration list for PBXNativeTarget "HZAlertSheetUITests" */ = {
			isa = XCConfigurationList;
			buildConfigurations = (
				EE67587820E204BB0040FF92 /* Debug */,
				EE67587920E204BB0040FF92 /* Release */,
			);
			defaultConfigurationIsVisible = 0;
			defaultConfigurationName = Release;
		};
/* End XCConfigurationList section */
	};
	rootObject = EE67583D20E204BB0040FF92 /* Project object */;
}
